github.com/Elagoht/collage v0.4.0 h1:euD0JLdlimX0tPZ1OT6fkA7CMd6uuFJUusdmccDBPbc=
github.com/Elagoht/collage v0.4.0/go.mod h1:tyGWGpujZXtCFFxn9pjws85HOFOt4QdiuRswwQhj1Qw=
github.com/Elagoht/collage-jsonld v0.0.0-20260923204436-351e162af588 h1:SpP+c6pi3xGSupD+fhXFm4cYnzb2quZysgtroUmZV6c=
github.com/Elagoht/collage-jsonld v0.0.0-20260923204436-351e162af588/go.mod h1:ZcH5sL/ku7QZfCiFy7koEN94XYnDVzupIVQEoNJtbrQ=
github.com/Elagoht/collage-minimizer v0.0.0-20260923204438-34409a927648 h1:eVnGrxqugw9nu1P0301AbYjWvHkppZqNLTCNNcjfQHQ=
github.com/Elagoht/collage-minimizer v0.0.0-20260923204438-34409a927648/go.mod h1:nLLkjqO6+AvswZpTJje7mvIfPXSgC65OVGBxJsFgkVw=
github.com/Elagoht/collage-opti-image v0.0.0-20260923204434-15a82cc91a9d h1:AsEs3cjTsQZamWxOMSOd+QJ11mN44M3BcvdyuS9Ukgw=
github.com/Elagoht/collage-opti-image v0.0.0-20260923204434-15a82cc91a9d/go.mod h1:UUizxWkLbO0THnYAjZ7RMuyZcXHV8A2PdQOp+PVthlw=
github.com/HugoSmits86/nativewebp v1.3.0 h1:n1egtEzSV4KwFtealr7dzdYq1wI/uj/bOQ/QcTcIyVE=
github.com/HugoSmits86/nativewebp v1.3.0/go.mod h1:YNQuWenlVmSUUASVNhTDwf4d7FwYQGbGhklC8p72Vr8=
golang.org/x/image v0.24.0 h1:AN7zRgVsbvmTfNyqIbbOraYL8mSwcKncEj8ofjgzcMQ=
golang.org/x/image v0.24.0/go.mod h1:4b/ITuLfqYq1hqZcjofwctIhi7sZh2WaCjvsBNjjya8=
