github.com/Elagoht/collage v0.1.0 h1:4wOvb/2YCrXdi52dTa7B+rs7ttiXLo2ZVDR9imjfhAU=
github.com/Elagoht/collage v0.1.0/go.mod h1:tyGWGpujZXtCFFxn9pjws85HOFOt4QdiuRswwQhj1Qw=
github.com/Elagoht/collage v0.2.0 h1:E0aXCXCTHJEwy5yVvwvzc+p69RPakW2Iy+nl9xBoGTA=
github.com/Elagoht/collage v0.2.0/go.mod h1:tyGWGpujZXtCFFxn9pjws85HOFOt4QdiuRswwQhj1Qw=
github.com/Elagoht/collage-jsonld v0.0.0-20260923102701-5248e9b3f38e h1:jRjYfVmlNZHIOePJvSObu9sDOEZLPd6HE5u6M0Oy504=
github.com/Elagoht/collage-jsonld v0.0.0-20260923102701-5248e9b3f38e/go.mod h1:NGpY5BTYKWKJRnFkWzCIgaJnH6p1kjwKccQFhJoFY3s=
github.com/Elagoht/collage-jsonld v0.0.0-20260923121014-0725f00da048 h1:QwSpRfvSWf5il+SFEvfPkwIsHC2xiuwl68Uc9ZEDdfs=
github.com/Elagoht/collage-jsonld v0.0.0-20260923121014-0725f00da048/go.mod h1:Mhy8dsTn4Pef2HdS9Wm+4ESG63BMNOyWe5ICyyOjXwE=
github.com/Elagoht/collage-minimizer v0.0.0-20260923102700-ff1566d7cd4e h1:UrXsLVol0WTDE4zWXeNvLtSUe4w+TnXxeHGPFjrS2pQ=
github.com/Elagoht/collage-minimizer v0.0.0-20260923102700-ff1566d7cd4e/go.mod h1:5LUK1jOD/AXMUKETh+duyZel37pKb6Sls2RKp2cO8lU=
github.com/Elagoht/collage-minimizer v0.0.0-20260923121011-ca8447f9380d h1:uvfrLMQh9ZPrpL7F7k+VHHYskIeCvJ5f3dtiWYiKaSQ=
github.com/Elagoht/collage-minimizer v0.0.0-20260923121011-ca8447f9380d/go.mod h1:1ZgflFql+/NwX+jOVyCTmYLkRmm/Dv2PI9Lh7sMjIqM=
github.com/Elagoht/collage-opti-image v0.0.0-20260923102701-b053a3bbd570 h1:hk+s/ZiJKZf23PO9cv68+uR1Xwxp2Ll7a7TK5HY1DYM=
github.com/Elagoht/collage-opti-image v0.0.0-20260923102701-b053a3bbd570/go.mod h1:fQhzD4KiBbXKV0PpGRawUJzesIfkVhxHko1Rd9MQiCg=
github.com/Elagoht/collage-opti-image v0.0.0-20260923111957-9692a89e5b7f h1:SL46968J3qxwtT55zELCDwOyt3NkqzSOOmliiNG9g+U=
github.com/Elagoht/collage-opti-image v0.0.0-20260923111957-9692a89e5b7f/go.mod h1:EHAiDhOP4NTBbWLSS/QJskfNwmK50MlAMfS8SSNisC0=
github.com/Elagoht/collage-opti-image v0.0.0-20260923112828-1074bd30b3d4 h1:SC2gg2/VZ+AETaB/8JE++rPhSPfErT/ijdzVD1LAc1k=
github.com/Elagoht/collage-opti-image v0.0.0-20260923112828-1074bd30b3d4/go.mod h1:EHAiDhOP4NTBbWLSS/QJskfNwmK50MlAMfS8SSNisC0=
github.com/Elagoht/collage-opti-image v0.0.0-20260923120958-2132da7f724a h1:xqQUY3X2sxGxAQM4kl81IZoQ1yvG04QvkdlTiJf3Ekk=
github.com/Elagoht/collage-opti-image v0.0.0-20260923120958-2132da7f724a/go.mod h1:IMvScXXq/V7vDxG/NPxfCjHdjoQAT8m8Wyyw7yGxbAo=
github.com/Elagoht/collage-opti-image v0.0.0-20260923122443-0a71074b2362 h1:unWW61far6Eh7oLW2ISdJcreNFYrkyqaG2mSFlETMHI=
github.com/Elagoht/collage-opti-image v0.0.0-20260923122443-0a71074b2362/go.mod h1:IMvScXXq/V7vDxG/NPxfCjHdjoQAT8m8Wyyw7yGxbAo=
github.com/Elagoht/collage-opti-image v0.0.0-20260923123510-a3fdc2425ce4 h1:bbUsCK10TYwSM9mLqsXrxXEEUVIhILIHotusP9Ulo6w=
github.com/Elagoht/collage-opti-image v0.0.0-20260923123510-a3fdc2425ce4/go.mod h1:IMvScXXq/V7vDxG/NPxfCjHdjoQAT8m8Wyyw7yGxbAo=
github.com/Elagoht/collage-opti-image v0.0.0-20260923123646-7a629b59e13b h1:KHmC95ETY6nlMocEuJlMO7Ok4uELukj4jFvC2CByH/Y=
github.com/Elagoht/collage-opti-image v0.0.0-20260923123646-7a629b59e13b/go.mod h1:IMvScXXq/V7vDxG/NPxfCjHdjoQAT8m8Wyyw7yGxbAo=
github.com/Elagoht/collage-opti-image v0.0.0-20260923125628-ba6632d57ea6 h1:S+58Ew4zlpXWs+CVZTD5Nil8Xzh8qD+C7JsWgvVcPdw=
github.com/Elagoht/collage-opti-image v0.0.0-20260923125628-ba6632d57ea6/go.mod h1:IMvScXXq/V7vDxG/NPxfCjHdjoQAT8m8Wyyw7yGxbAo=
github.com/HugoSmits86/nativewebp v1.3.0 h1:n1egtEzSV4KwFtealr7dzdYq1wI/uj/bOQ/QcTcIyVE=
github.com/HugoSmits86/nativewebp v1.3.0/go.mod h1:YNQuWenlVmSUUASVNhTDwf4d7FwYQGbGhklC8p72Vr8=
golang.org/x/image v0.24.0 h1:AN7zRgVsbvmTfNyqIbbOraYL8mSwcKncEj8ofjgzcMQ=
golang.org/x/image v0.24.0/go.mod h1:4b/ITuLfqYq1hqZcjofwctIhi7sZh2WaCjvsBNjjya8=
